
Microsoft Visual Studio Solution File, Format Version 12.00
# Visual Studio Version 17
VisualStudioVersion = 17.1.32210.238
MinimumVisualStudioVersion = 10.0.40219.1
Project("{9A19103F-16F7-4668-BE54-9A1E7A4F7556}") = "SourceGenTester", "SourceGenTester\SourceGenTester.csproj", "{99E55B6F-0021-4B8D-8BBF-3F8CF22B7127}"
EndProject
Project("{9A19103F-16F7-4668-BE54-9A1E7A4F7556}") = "SrcGenV2Sample", "SrcGenV2Sample\SrcGenV2Sample.csproj", "{61DCF4A9-42D7-4654-90FF-38259033D6B1}"
EndProject
Project("{2150E333-8FDC-42A3-9474-1A3956D46DE8}") = "Solution Items", "Solution Items", "{B1D95286-50B4-4710-8D6D-585DD71979C9}"
	ProjectSection(SolutionItems) = preProject
		.gitattributes = .gitattributes
		.gitignore = .gitignore
		Directory.Build.props = Directory.Build.props
		ReadMe.md = ReadMe.md
	EndProjectSection
EndProject
Global
	GlobalSection(SolutionConfigurationPlatforms) = preSolution
		Debug|Any CPU = Debug|Any CPU
		Release|Any CPU = Release|Any CPU
	EndGlobalSection
	GlobalSection(ProjectConfigurationPlatforms) = postSolution
		{99E55B6F-0021-4B8D-8BBF-3F8CF22B7127}.Debug|Any CPU.ActiveCfg = Debug|Any CPU
		{99E55B6F-0021-4B8D-8BBF-3F8CF22B7127}.Debug|Any CPU.Build.0 = Debug|Any CPU
		{99E55B6F-0021-4B8D-8BBF-3F8CF22B7127}.Release|Any CPU.ActiveCfg = Release|Any CPU
		{99E55B6F-0021-4B8D-8BBF-3F8CF22B7127}.Release|Any CPU.Build.0 = Release|Any CPU
		{61DCF4A9-42D7-4654-90FF-38259033D6B1}.Debug|Any CPU.ActiveCfg = Debug|Any CPU
		{61DCF4A9-42D7-4654-90FF-38259033D6B1}.Debug|Any CPU.Build.0 = Debug|Any CPU
		{61DCF4A9-42D7-4654-90FF-38259033D6B1}.Release|Any CPU.ActiveCfg = Release|Any CPU
		{61DCF4A9-42D7-4654-90FF-38259033D6B1}.Release|Any CPU.Build.0 = Release|Any CPU
	EndGlobalSection
	GlobalSection(SolutionProperties) = preSolution
		HideSolutionNode = FALSE
	EndGlobalSection
	GlobalSection(ExtensibilityGlobals) = postSolution
		SolutionGuid = {9090A03B-9524-4323-BA98-CFE7D3870D9F}
	EndGlobalSection
EndGlobal
